
Microsoft Visual Studio Solution File, Format Version 12.00
# Visual Studio 14
VisualStudioVersion = 14.0.25420.1
MinimumVisualStudioVersion = 10.0.40219.1
Project("{FAE04EC0-301F-11D3-BF4B-00C04F79EFBC}") = "primeiro-projeto", "primeiro-projeto\primeiro-projeto.csproj", "{E667BED1-FF1C-41B1-9295-B2C19377C842}"
EndProject
Global
	GlobalSection(SolutionConfigurationPlatforms) = preSolution
		Debug|Any CPU = Debug|Any CPU
		Release|Any CPU = Release|Any CPU
	EndGlobalSection
	GlobalSection(ProjectConfigurationPlatforms) = postSolution
		{E667BED1-FF1C-41B1-9295-B2C19377C842}.Debug|Any CPU.ActiveCfg = Debug|Any CPU
		{E667BED1-FF1C-41B1-9295-B2C19377C842}.Debug|Any CPU.Build.0 = Debug|Any CPU
		{E667BED1-FF1C-41B1-9295-B2C19377C842}.Release|Any CPU.ActiveCfg = Release|Any CPU
		{E667BED1-FF1C-41B1-9295-B2C19377C842}.Release|Any CPU.Build.0 = Release|Any CPU
	EndGlobalSection
	GlobalSection(SolutionProperties) = preSolution
		HideSolutionNode = FALSE
	EndGlobalSection
EndGlobal
